
Microsoft Visual Studio Solution File, Format Version 12.00
# Visual Studio Version 17
VisualStudioVersion = 17.6.33829.357
MinimumVisualStudioVersion = 10.0.40219.1
Project("{9A19103F-16F7-4668-BE54-9A1E7A4F7556}") = "IdentityServer.AuthServer", "IdentityServer.AuthServer\IdentityServer.AuthServer.csproj", "{6CB67E43-A30F-45C7-8CB2-4850626631DA}"
EndProject
Project("{9A19103F-16F7-4668-BE54-9A1E7A4F7556}") = "IdentityServer.Client1", "IdentityServer.ClassicClientApp\IdentityServer.Client1.csproj", "{A64945D2-9A88-42B4-9B01-2F2169B82EEC}"
EndProject
Project("{9A19103F-16F7-4668-BE54-9A1E7A4F7556}") = "IdentityServer.Client2", "IdentityServer.SecondClassicClientApp\IdentityServer.Client2.csproj", "{D465982A-DEF2-4139-910F-23B0DA65F1E1}"
EndProject
Project("{9A19103F-16F7-4668-BE54-9A1E7A4F7556}") = "IdentityServer.API1", "IdentityServer.ModernClientApp\IdentityServer.API1.csproj", "{B7357360-EA20-4208-9038-0EFA6CBDED05}"
EndProject
Project("{9A19103F-16F7-4668-BE54-9A1E7A4F7556}") = "IdentityServer.API2", "IdentityServer.SecondModernClientApp\IdentityServer.API2.csproj", "{D7699DC1-8B6E-49B5-85D5-E0D923C9CA37}"
EndProject
Project("{9A19103F-16F7-4668-BE54-9A1E7A4F7556}") = "IdentityServer.API1.Core", "IdentityServer.API1.Core\IdentityServer.API1.Core.csproj", "{82B156B2-2821-446E-968D-5D852C0F81F1}"
EndProject
Project("{9A19103F-16F7-4668-BE54-9A1E7A4F7556}") = "IdentityServer.API1.Data", "IdentityServer.API1.Data\IdentityServer.API1.Data.csproj", "{EA0BFD99-BCD4-4ADD-B2FD-EFBC559814DA}"
EndProject
Project("{9A19103F-16F7-4668-BE54-9A1E7A4F7556}") = "IdentityServer.API1.Service", "IdentityServer.API1.Service\IdentityServer.API1.Service.csproj", "{DDE884C3-A046-417E-97B0-075B6FF9F270}"
EndProject
Project("{9A19103F-16F7-4668-BE54-9A1E7A4F7556}") = "IdentityServer.API2.Core", "IdentityServer.API2.Core\IdentityServer.API2.Core.csproj", "{0F0D55B2-EFA9-4DA8-9AE4-8801CD23199A}"
EndProject
Project("{9A19103F-16F7-4668-BE54-9A1E7A4F7556}") = "IdentityServer.API2.Data", "IdentityServer.API2.Data\IdentityServer.API2.Data.csproj", "{BDAA7986-EF11-4707-B6BC-6761E0865577}"
EndProject
Project("{9A19103F-16F7-4668-BE54-9A1E7A4F7556}") = "IdentityServer.API2.Service", "IdentityServer.API2.Service\IdentityServer.API2.Service.csproj", "{869C0575-92BA-4359-ACFB-0D1BD3E54DDB}"
EndProject
Project("{9A19103F-16F7-4668-BE54-9A1E7A4F7556}") = "IdentityServer.SharedLibrary", "IdentityServer.SharedLibrary\IdentityServer.SharedLibrary.csproj", "{B1BFE398-1BFF-444B-864A-17EA2C91CC41}"
EndProject
Project("{9A19103F-16F7-4668-BE54-9A1E7A4F7556}") = "IdentityServer.Client3", "IdentityServer.Client3\IdentityServer.Client3.csproj", "{457B0016-7274-4101-8ABC-733ED05F58C6}"
EndProject
Project("{9A19103F-16F7-4668-BE54-9A1E7A4F7556}") = "IdentityServer.AspNetCoreIdentity", "IdentityServer.AspNetCoreIdentity\IdentityServer.AspNetCoreIdentity.csproj", "{9DDAFB0F-4C0E-40FC-843E-D6FE3DDAC018}"
EndProject
Global
	GlobalSection(SolutionConfigurationPlatforms) = preSolution
		Debug|Any CPU = Debug|Any CPU
		Release|Any CPU = Release|Any CPU
	EndGlobalSection
	GlobalSection(ProjectConfigurationPlatforms) = postSolution
		{6CB67E43-A30F-45C7-8CB2-4850626631DA}.Debug|Any CPU.ActiveCfg = Debug|Any CPU
		{6CB67E43-A30F-45C7-8CB2-4850626631DA}.Debug|Any CPU.Build.0 = Debug|Any CPU
		{6CB67E43-A30F-45C7-8CB2-4850626631DA}.Release|Any CPU.ActiveCfg = Release|Any CPU
		{6CB67E43-A30F-45C7-8CB2-4850626631DA}.Release|Any CPU.Build.0 = Release|Any CPU
		{A64945D2-9A88-42B4-9B01-2F2169B82EEC}.Debug|Any CPU.ActiveCfg = Debug|Any CPU
		{A64945D2-9A88-42B4-9B01-2F2169B82EEC}.Debug|Any CPU.Build.0 = Debug|Any CPU
		{A64945D2-9A88-42B4-9B01-2F2169B82EEC}.Release|Any CPU.ActiveCfg = Release|Any CPU
		{A64945D2-9A88-42B4-9B01-2F2169B82EEC}.Release|Any CPU.Build.0 = Release|Any CPU
		{D465982A-DEF2-4139-910F-23B0DA65F1E1}.Debug|Any CPU.ActiveCfg = Debug|Any CPU
		{D465982A-DEF2-4139-910F-23B0DA65F1E1}.Debug|Any CPU.Build.0 = Debug|Any CPU
		{D465982A-DEF2-4139-910F-23B0DA65F1E1}.Release|Any CPU.ActiveCfg = Release|Any CPU
		{D465982A-DEF2-4139-910F-23B0DA65F1E1}.Release|Any CPU.Build.0 = Release|Any CPU
		{B7357360-EA20-4208-9038-0EFA6CBDED05}.Debug|Any CPU.ActiveCfg = Debug|Any CPU
		{B7357360-EA20-4208-9038-0EFA6CBDED05}.Debug|Any CPU.Build.0 = Debug|Any CPU
		{B7357360-EA20-4208-9038-0EFA6CBDED05}.Release|Any CPU.ActiveCfg = Release|Any CPU
		{B7357360-EA20-4208-9038-0EFA6CBDED05}.Release|Any CPU.Build.0 = Release|Any CPU
		{D7699DC1-8B6E-49B5-85D5-E0D923C9CA37}.Debug|Any CPU.ActiveCfg = Debug|Any CPU
		{D7699DC1-8B6E-49B5-85D5-E0D923C9CA37}.Debug|Any CPU.Build.0 = Debug|Any CPU
		{D7699DC1-8B6E-49B5-85D5-E0D923C9CA37}.Release|Any CPU.ActiveCfg = Release|Any CPU
		{D7699DC1-8B6E-49B5-85D5-E0D923C9CA37}.Release|Any CPU.Build.0 = Release|Any CPU
		{82B156B2-2821-446E-968D-5D852C0F81F1}.Debug|Any CPU.ActiveCfg = Debug|Any CPU
		{82B156B2-2821-446E-968D-5D852C0F81F1}.Debug|Any CPU.Build.0 = Debug|Any CPU
		{82B156B2-2821-446E-968D-5D852C0F81F1}.Release|Any CPU.ActiveCfg = Release|Any CPU
		{82B156B2-2821-446E-968D-5D852C0F81F1}.Release|Any CPU.Build.0 = Release|Any CPU
		{EA0BFD99-BCD4-4ADD-B2FD-EFBC559814DA}.Debug|Any CPU.ActiveCfg = Debug|Any CPU
		{EA0BFD99-BCD4-4ADD-B2FD-EFBC559814DA}.Debug|Any CPU.Build.0 = Debug|Any CPU
		{EA0BFD99-BCD4-4ADD-B2FD-EFBC559814DA}.Release|Any CPU.ActiveCfg = Release|Any CPU
		{EA0BFD99-BCD4-4ADD-B2FD-EFBC559814DA}.Release|Any CPU.Build.0 = Release|Any CPU
		{DDE884C3-A046-417E-97B0-075B6FF9F270}.Debug|Any CPU.ActiveCfg = Debug|Any CPU
		{DDE884C3-A046-417E-97B0-075B6FF9F270}.Debug|Any CPU.Build.0 = Debug|Any CPU
		{DDE884C3-A046-417E-97B0-075B6FF9F270}.Release|Any CPU.ActiveCfg = Release|Any CPU
		{DDE884C3-A046-417E-97B0-075B6FF9F270}.Release|Any CPU.Build.0 = Release|Any CPU
		{0F0D55B2-EFA9-4DA8-9AE4-8801CD23199A}.Debug|Any CPU.ActiveCfg = Debug|Any CPU
		{0F0D55B2-EFA9-4DA8-9AE4-8801CD23199A}.Debug|Any CPU.Build.0 = Debug|Any CPU
		{0F0D55B2-EFA9-4DA8-9AE4-8801CD23199A}.Release|Any CPU.ActiveCfg = Release|Any CPU
		{0F0D55B2-EFA9-4DA8-9AE4-8801CD23199A}.Release|Any CPU.Build.0 = Release|Any CPU
		{BDAA7986-EF11-4707-B6BC-6761E0865577}.Debug|Any CPU.ActiveCfg = Debug|Any CPU
		{BDAA7986-EF11-4707-B6BC-6761E0865577}.Debug|Any CPU.Build.0 = Debug|Any CPU
		{BDAA7986-EF11-4707-B6BC-6761E0865577}.Release|Any CPU.ActiveCfg = Release|Any CPU
		{BDAA7986-EF11-4707-B6BC-6761E0865577}.Release|Any CPU.Build.0 = Release|Any CPU
		{869C0575-92BA-4359-ACFB-0D1BD3E54DDB}.Debug|Any CPU.ActiveCfg = Debug|Any CPU
		{869C0575-92BA-4359-ACFB-0D1BD3E54DDB}.Debug|Any CPU.Build.0 = Debug|Any CPU
		{869C0575-92BA-4359-ACFB-0D1BD3E54DDB}.Release|Any CPU.ActiveCfg = Release|Any CPU
		{869C0575-92BA-4359-ACFB-0D1BD3E54DDB}.Release|Any CPU.Build.0 = Release|Any CPU
		{B1BFE398-1BFF-444B-864A-17EA2C91CC41}.Debug|Any CPU.ActiveCfg = Debug|Any CPU
		{B1BFE398-1BFF-444B-864A-17EA2C91CC41}.Debug|Any CPU.Build.0 = Debug|Any CPU
		{B1BFE398-1BFF-444B-864A-17EA2C91CC41}.Release|Any CPU.ActiveCfg = Release|Any CPU
		{B1BFE398-1BFF-444B-864A-17EA2C91CC41}.Release|Any CPU.Build.0 = Release|Any CPU
		{457B0016-7274-4101-8ABC-733ED05F58C6}.Debug|Any CPU.ActiveCfg = Debug|Any CPU
		{457B0016-7274-4101-8ABC-733ED05F58C6}.Debug|Any CPU.Build.0 = Debug|Any CPU
		{457B0016-7274-4101-8ABC-733ED05F58C6}.Release|Any CPU.ActiveCfg = Release|Any CPU
		{457B0016-7274-4101-8ABC-733ED05F58C6}.Release|Any CPU.Build.0 = Release|Any CPU
		{9DDAFB0F-4C0E-40FC-843E-D6FE3DDAC018}.Debug|Any CPU.ActiveCfg = Debug|Any CPU
		{9DDAFB0F-4C0E-40FC-843E-D6FE3DDAC018}.Debug|Any CPU.Build.0 = Debug|Any CPU
		{9DDAFB0F-4C0E-40FC-843E-D6FE3DDAC018}.Release|Any CPU.ActiveCfg = Release|Any CPU
		{9DDAFB0F-4C0E-40FC-843E-D6FE3DDAC018}.Release|Any CPU.Build.0 = Release|Any CPU
	EndGlobalSection
	GlobalSection(SolutionProperties) = preSolution
		HideSolutionNode = FALSE
	EndGlobalSection
	GlobalSection(ExtensibilityGlobals) = postSolution
		SolutionGuid = {E9B1BC0E-6CE3-4CD1-AB9C-B28436E09DF1}
	EndGlobalSection
EndGlobal
